
Microsoft Visual Studio Solution File, Format Version 12.00
# Visual Studio 15
VisualStudioVersion = 15.0.28307.421
MinimumVisualStudioVersion = 10.0.40219.1
Project("{FAE04EC0-301F-11D3-BF4B-00C04F79EFBC}") = "bstrings", "bstrings\bstrings.csproj", "{8D651AF2-8843-4CDF-8A71-A43421B80543}"
EndProject
Project("{FAE04EC0-301F-11D3-BF4B-00C04F79EFBC}") = "bstrings.Tests", "bstrings.Tests\bstrings.Tests.csproj", "{A2E56B67-DB60-41FB-B408-C8712AB145D3}"
EndProject
Project("{2150E333-8FDC-42A3-9474-1A3956D46DE8}") = "benchmarks", "benchmarks", "{66320409-64EC-F7C5-3DEF-65E7510DAAD1}"
EndProject
Project("{FAE04EC0-301F-11D3-BF4B-00C04F79EFBC}") = "ScaleCorpusGenerator", "benchmarks\ScaleCorpusGenerator\ScaleCorpusGenerator.csproj", "{A4CDED36-4E31-4F43-B1C9-1216517E1F83}"
EndProject
Project("{FAE04EC0-301F-11D3-BF4B-00C04F79EFBC}") = "PatternCorpusGenerator", "benchmarks\PatternCorpusGenerator\PatternCorpusGenerator.csproj", "{055E8413-DA65-4A05-915C-285047048D73}"
EndProject
Project("{FAE04EC0-301F-11D3-BF4B-00C04F79EFBC}") = "RegexEngineBenchmark", "benchmarks\RegexEngineBenchmark\RegexEngineBenchmark.csproj", "{C7F0E1BE-B0CC-44D5-818B-04C3444BD01A}"
EndProject
Project("{FAE04EC0-301F-11D3-BF4B-00C04F79EFBC}") = "AsciiEngineBenchmark", "benchmarks\AsciiEngineBenchmark\AsciiEngineBenchmark.csproj", "{1E29580F-99FB-492D-99B8-12C20E521C3B}"
EndProject
Project("{FAE04EC0-301F-11D3-BF4B-00C04F79EFBC}") = "ForensicReportBenchmark", "benchmarks\ForensicReportBenchmark\ForensicReportBenchmark.csproj", "{6A25E34B-7505-45C5-A116-590A7BA7820E}"
EndProject
Global
	GlobalSection(SolutionConfigurationPlatforms) = preSolution
		Debug|Any CPU = Debug|Any CPU
		Release|Any CPU = Release|Any CPU
	EndGlobalSection
	GlobalSection(ProjectConfigurationPlatforms) = postSolution
		{8D651AF2-8843-4CDF-8A71-A43421B80543}.Debug|Any CPU.ActiveCfg = Debug|Any CPU
		{8D651AF2-8843-4CDF-8A71-A43421B80543}.Debug|Any CPU.Build.0 = Debug|Any CPU
		{8D651AF2-8843-4CDF-8A71-A43421B80543}.Release|Any CPU.ActiveCfg = Release|Any CPU
		{8D651AF2-8843-4CDF-8A71-A43421B80543}.Release|Any CPU.Build.0 = Release|Any CPU
		{A2E56B67-DB60-41FB-B408-C8712AB145D3}.Debug|Any CPU.ActiveCfg = Debug|Any CPU
		{A2E56B67-DB60-41FB-B408-C8712AB145D3}.Debug|Any CPU.Build.0 = Debug|Any CPU
		{A2E56B67-DB60-41FB-B408-C8712AB145D3}.Release|Any CPU.ActiveCfg = Release|Any CPU
		{A2E56B67-DB60-41FB-B408-C8712AB145D3}.Release|Any CPU.Build.0 = Release|Any CPU
		{A4CDED36-4E31-4F43-B1C9-1216517E1F83}.Debug|Any CPU.ActiveCfg = Debug|Any CPU
		{A4CDED36-4E31-4F43-B1C9-1216517E1F83}.Debug|Any CPU.Build.0 = Debug|Any CPU
		{A4CDED36-4E31-4F43-B1C9-1216517E1F83}.Release|Any CPU.ActiveCfg = Release|Any CPU
		{A4CDED36-4E31-4F43-B1C9-1216517E1F83}.Release|Any CPU.Build.0 = Release|Any CPU
		{055E8413-DA65-4A05-915C-285047048D73}.Debug|Any CPU.ActiveCfg = Debug|Any CPU
		{055E8413-DA65-4A05-915C-285047048D73}.Debug|Any CPU.Build.0 = Debug|Any CPU
		{055E8413-DA65-4A05-915C-285047048D73}.Release|Any CPU.ActiveCfg = Release|Any CPU
		{055E8413-DA65-4A05-915C-285047048D73}.Release|Any CPU.Build.0 = Release|Any CPU
		{C7F0E1BE-B0CC-44D5-818B-04C3444BD01A}.Debug|Any CPU.ActiveCfg = Debug|Any CPU
		{C7F0E1BE-B0CC-44D5-818B-04C3444BD01A}.Debug|Any CPU.Build.0 = Debug|Any CPU
		{C7F0E1BE-B0CC-44D5-818B-04C3444BD01A}.Release|Any CPU.ActiveCfg = Release|Any CPU
		{C7F0E1BE-B0CC-44D5-818B-04C3444BD01A}.Release|Any CPU.Build.0 = Release|Any CPU
		{1E29580F-99FB-492D-99B8-12C20E521C3B}.Debug|Any CPU.ActiveCfg = Debug|Any CPU
		{1E29580F-99FB-492D-99B8-12C20E521C3B}.Debug|Any CPU.Build.0 = Debug|Any CPU
		{1E29580F-99FB-492D-99B8-12C20E521C3B}.Release|Any CPU.ActiveCfg = Release|Any CPU
		{1E29580F-99FB-492D-99B8-12C20E521C3B}.Release|Any CPU.Build.0 = Release|Any CPU
		{6A25E34B-7505-45C5-A116-590A7BA7820E}.Debug|Any CPU.ActiveCfg = Debug|Any CPU
		{6A25E34B-7505-45C5-A116-590A7BA7820E}.Debug|Any CPU.Build.0 = Debug|Any CPU
		{6A25E34B-7505-45C5-A116-590A7BA7820E}.Release|Any CPU.ActiveCfg = Release|Any CPU
		{6A25E34B-7505-45C5-A116-590A7BA7820E}.Release|Any CPU.Build.0 = Release|Any CPU
	EndGlobalSection
	GlobalSection(SolutionProperties) = preSolution
		HideSolutionNode = FALSE
	EndGlobalSection
	GlobalSection(NestedProjects) = preSolution
		{A4CDED36-4E31-4F43-B1C9-1216517E1F83} = {66320409-64EC-F7C5-3DEF-65E7510DAAD1}
		{055E8413-DA65-4A05-915C-285047048D73} = {66320409-64EC-F7C5-3DEF-65E7510DAAD1}
		{C7F0E1BE-B0CC-44D5-818B-04C3444BD01A} = {66320409-64EC-F7C5-3DEF-65E7510DAAD1}
		{1E29580F-99FB-492D-99B8-12C20E521C3B} = {66320409-64EC-F7C5-3DEF-65E7510DAAD1}
		{6A25E34B-7505-45C5-A116-590A7BA7820E} = {66320409-64EC-F7C5-3DEF-65E7510DAAD1}
	EndGlobalSection
	GlobalSection(ExtensibilityGlobals) = postSolution
		SolutionGuid = {8DE07C57-A85F-4068-B8F2-3D281BF2911A}
	EndGlobalSection
EndGlobal
